
Microsoft Visual Studio Solution File, Format Version 12.00
# Visual Studio Version 17
VisualStudioVersion = 17.5.33516.290
MinimumVisualStudioVersion = 10.0.40219.1
Project("{FAE04EC0-301F-11D3-BF4B-00C04F79EFBC}") = "ConsoleAppWebServicePost", "ConsoleAppWebServicePost\ConsoleAppWebServicePost.csproj", "{610F51DD-CB1F-417E-9649-05B254977D00}"
EndProject
Global
	GlobalSection(SolutionConfigurationPlatforms) = preSolution
		Debug|Any CPU = Debug|Any CPU
		Release|Any CPU = Release|Any CPU
	EndGlobalSection
	GlobalSection(ProjectConfigurationPlatforms) = postSolution
		{610F51DD-CB1F-417E-9649-05B254977D00}.Debug|Any CPU.ActiveCfg = Debug|Any CPU
		{610F51DD-CB1F-417E-9649-05B254977D00}.Debug|Any CPU.Build.0 = Debug|Any CPU
		{610F51DD-CB1F-417E-9649-05B254977D00}.Release|Any CPU.ActiveCfg = Release|Any CPU
		{610F51DD-CB1F-417E-9649-05B254977D00}.Release|Any CPU.Build.0 = Release|Any CPU
	EndGlobalSection
	GlobalSection(SolutionProperties) = preSolution
		HideSolutionNode = FALSE
	EndGlobalSection
	GlobalSection(ExtensibilityGlobals) = postSolution
		SolutionGuid = {AE379410-4E12-4A69-AD62-B903C7BE6927}
	EndGlobalSection
EndGlobal
